// !$*UTF8*$!
{
	archiveVersion = 1;
	classes = {
	};
	objectVersion = 56;
	objects = {

/* Begin PBXBuildFile section */
		1B098E622AA2543500B7FD47 /* ContentView2.swift in Sources */ = {isa = PBXBuildFile; fileRef = 1B098E612AA2543500B7FD47 /* ContentView2.swift */; };
		1B098E642AA25DA300B7FD47 /* MapView2.swift in Sources */ = {isa = PBXBuildFile; fileRef = 1B098E632AA25DA300B7FD47 /* MapView2.swift */; };
		94B08E202AA1FB4F00E88B70 /* magipop_mapApp.swift in Sources */ = {isa = PBXBuildFile; fileRef = 94B08E1F2AA1FB4F00E88B70 /* magipop_mapApp.swift */; };
		94B08E222AA1FB4F00E88B70 /* ContentView.swift in Sources */ = {isa = PBXBuildFile; fileRef = 94B08E212AA1FB4F00E88B70 /* ContentView.swift */; };
		94B08E242AA1FB5100E88B70 /* Assets.xcassets in Resources */ = {isa = PBXBuildFile; fileRef = 94B08E232AA1FB5100E88B70 /* Assets.xcassets */; };
		94B08E272AA1FB5200E88B70 /* Preview Assets.xcassets in Resources */ = {isa = PBXBuildFile; fileRef = 94B08E262AA1FB5200E88B70 /* Preview Assets.xcassets */; };
		94B08E2F2AA2114700E88B70 /* CardView.swift in Sources */ = {isa = PBXBuildFile; fileRef = 94B08E2E2AA2114700E88B70 /* CardView.swift */; };
		94B08E312AA2157D00E88B70 /* MapView.swift in Sources */ = {isa = PBXBuildFile; fileRef = 94B08E302AA2157D00E88B70 /* MapView.swift */; };
		94B08E332AA21F9800E88B70 /* LogoView.swift in Sources */ = {isa = PBXBuildFile; fileRef = 94B08E322AA21F9800E88B70 /* LogoView.swift */; };
		94B08E352AA2282900E88B70 /* MarkView.swift in Sources */ = {isa = PBXBuildFile; fileRef = 94B08E342AA2282900E88B70 /* MarkView.swift */; };
		94B08E372AA22BDD00E88B70 /* MarkLinkView.swift in Sources */ = {isa = PBXBuildFile; fileRef = 94B08E362AA22BDD00E88B70 /* MarkLinkView.swift */; };
/* End PBXBuildFile section */

/* Begin PBXFileReference section */
		1B098E612AA2543500B7FD47 /* ContentView2.swift */ = {isa = PBXFileReference; lastKnownFileType = sourcecode.swift; path = ContentView2.swift; sourceTree = "<group>"; };
		1B098E632AA25DA300B7FD47 /* MapView2.swift */ = {isa = PBXFileReference; lastKnownFileType = sourcecode.swift; path = MapView2.swift; sourceTree = "<group>"; };
		94B08E1C2AA1FB4F00E88B70 /* magipop_map.app */ = {isa = PBXFileReference; explicitFileType = wrapper.application; includeInIndex = 0; path = magipop_map.app; sourceTree = BUILT_PRODUCTS_DIR; };
		94B08E1F2AA1FB4F00E88B70 /* magipop_mapApp.swift */ = {isa = PBXFileReference; lastKnownFileType = sourcecode.swift; path = magipop_mapApp.swift; sourceTree = "<group>"; };
		94B08E212AA1FB4F00E88B70 /* ContentView.swift */ = {isa = PBXFileReference; lastKnownFileType = sourcecode.swift; path = ContentView.swift; sourceTree = "<group>"; };
		94B08E232AA1FB5100E88B70 /* Assets.xcassets */ = {isa = PBXFileReference; lastKnownFileType = folder.assetcatalog; path = Assets.xcassets; sourceTree = "<group>"; };
		94B08E262AA1FB5200E88B70 /* Preview Assets.xcassets */ = {isa = PBXFileReference; lastKnownFileType = folder.assetcatalog; path = "Preview Assets.xcassets"; sourceTree = "<group>"; };
		94B08E282AA1FB5200E88B70 /* magipop_map.entitlements */ = {isa = PBXFileReference; lastKnownFileType = text.plist.entitlements; path = magipop_map.entitlements; sourceTree = "<group>"; };
		94B08E2E2AA2114700E88B70 /* CardView.swift */ = {isa = PBXFileReference; lastKnownFileType = sourcecode.swift; path = CardView.swift; sourceTree = "<group>"; };
		94B08E302AA2157D00E88B70 /* MapView.swift */ = {isa = PBXFileReference; lastKnownFileType = sourcecode.swift; path = MapView.swift; sourceTree = "<group>"; };
		94B08E322AA21F9800E88B70 /* LogoView.swift */ = {isa = PBXFileReference; lastKnownFileType = sourcecode.swift; path = LogoView.swift; sourceTree = "<group>"; };
		94B08E342AA2282900E88B70 /* MarkView.swift */ = {isa = PBXFileReference; lastKnownFileType = sourcecode.swift; path = MarkView.swift; sourceTree = "<group>"; };
		94B08E362AA22BDD00E88B70 /* MarkLinkView.swift */ = {isa = PBXFileReference; lastKnownFileType = sourcecode.swift; path = MarkLinkView.swift; sourceTree = "<group>"; };
/* End PBXFileReference section */

/* Begin PBXFrameworksBuildPhase section */
		94B08E192AA1FB4F00E88B70 /* Frameworks */ = {
			isa = PBXFrameworksBuildPhase;
			buildActionMask = 2147483647;
			files = (
			);
			runOnlyForDeploymentPostprocessing = 0;
		};
/* End PBXFrameworksBuildPhase section */

/* Begin PBXGroup section */
		94B08E132AA1FB4F00E88B70 = {
			isa = PBXGroup;
			children = (
				94B08E1E2AA1FB4F00E88B70 /* magipop_map */,
				94B08E1D2AA1FB4F00E88B70 /* Products */,
			);
			sourceTree = "<group>";
		};
		94B08E1D2AA1FB4F00E88B70 /* Products */ = {
			isa = PBXGroup;
			children = (
				94B08E1C2AA1FB4F00E88B70 /* magipop_map.app */,
			);
			name = Products;
			sourceTree = "<group>";
		};
		94B08E1E2AA1FB4F00E88B70 /* magipop_map */ = {
			isa = PBXGroup;
			children = (
				94B08E1F2AA1FB4F00E88B70 /* magipop_mapApp.swift */,
				94B08E212AA1FB4F00E88B70 /* ContentView.swift */,
				1B098E612AA2543500B7FD47 /* ContentView2.swift */,
				94B08E2E2AA2114700E88B70 /* CardView.swift */,
				94B08E302AA2157D00E88B70 /* MapView.swift */,
				1B098E632AA25DA300B7FD47 /* MapView2.swift */,
				94B08E322AA21F9800E88B70 /* LogoView.swift */,
				94B08E342AA2282900E88B70 /* MarkView.swift */,
				94B08E362AA22BDD00E88B70 /* MarkLinkView.swift */,
				94B08E232AA1FB5100E88B70 /* Assets.xcassets */,
				94B08E282AA1FB5200E88B70 /* magipop_map.entitlements */,
				94B08E252AA1FB5200E88B70 /* Preview Content */,
			);
			path = magipop_map;
			sourceTree = "<group>";
		};
		94B08E252AA1FB5200E88B70 /* Preview Content */ = {
			isa = PBXGroup;
			children = (
				94B08E262AA1FB5200E88B70 /* Preview Assets.xcassets */,
			);
			path = "Preview Content";
			sourceTree = "<group>";
		};
/* End PBXGroup section */

/* Begin PBXNativeTarget section */
		94B08E1B2AA1FB4F00E88B70 /* magipop_map */ = {
			isa = PBXNativeTarget;
			buildConfigurationList = 94B08E2B2AA1FB5200E88B70 /* Build configuration list for PBXNativeTarget "magipop_map" */;
			buildPhases = (
				94B08E182AA1FB4F00E88B70 /* Sources */,
				94B08E192AA1FB4F00E88B70 /* Frameworks */,
				94B08E1A2AA1FB4F00E88B70 /* Resources */,
			);
			buildRules = (
			);
			dependencies = (
			);
			name = magipop_map;
			productName = magipop_map;
			productReference = 94B08E1C2AA1FB4F00E88B70 /* magipop_map.app */;
			productType = "com.apple.product-type.application";
		};
/* End PBXNativeTarget section */

/* Begin PBXProject section */
		94B08E142AA1FB4F00E88B70 /* Project object */ = {
			isa = PBXProject;
			attributes = {
				BuildIndependentTargetsInParallel = 1;
				LastSwiftUpdateCheck = 1500;
				LastUpgradeCheck = 1500;
				TargetAttributes = {
					94B08E1B2AA1FB4F00E88B70 = {
						CreatedOnToolsVersion = 15.0;
					};
				};
			};
			buildConfigurationList = 94B08E172AA1FB4F00E88B70 /* Build configuration list for PBXProject "magipop_map" */;
			compatibilityVersion = "Xcode 14.0";
			developmentRegion = en;
			hasScannedForEncodings = 0;
			knownRegions = (
				en,
				Base,
			);
			mainGroup = 94B08E132AA1FB4F00E88B70;
			productRefGroup = 94B08E1D2AA1FB4F00E88B70 /* Products */;
			projectDirPath = "";
			projectRoot = "";
			targets = (
				94B08E1B2AA1FB4F00E88B70 /* magipop_map */,
			);
		};
/* End PBXProject section */

/* Begin PBXResourcesBuildPhase section */
		94B08E1A2AA1FB4F00E88B70 /* Resources */ = {
			isa = PBXResourcesBuildPhase;
			buildActionMask = 2147483647;
			files = (
				94B08E272AA1FB5200E88B70 /* Preview Assets.xcassets in Resources */,
				94B08E242AA1FB5100E88B70 /* Assets.xcassets in Resources */,
			);
			runOnlyForDeploymentPostprocessing = 0;
		};
/* End PBXResourcesBuildPhase section */

/* Begin PBXSourcesBuildPhase section */
		94B08E182AA1FB4F00E88B70 /* Sources */ = {
			isa = PBXSourcesBuildPhase;
			buildActionMask = 2147483647;
			files = (
				1B098E642AA25DA300B7FD47 /* MapView2.swift in Sources */,
				94B08E332AA21F9800E88B70 /* LogoView.swift in Sources */,
				94B08E222AA1FB4F00E88B70 /* ContentView.swift in Sources */,
				94B08E312AA2157D00E88B70 /* MapView.swift in Sources */,
				94B08E2F2AA2114700E88B70 /* CardView.swift in Sources */,
				94B08E202AA1FB4F00E88B70 /* magipop_mapApp.swift in Sources */,
				1B098E622AA2543500B7FD47 /* ContentView2.swift in Sources */,
				94B08E352AA2282900E88B70 /* MarkView.swift in Sources */,
				94B08E372AA22BDD00E88B70 /* MarkLinkView.swift in Sources */,
			);
			runOnlyForDeploymentPostprocessing = 0;
		};
/* End PBXSourcesBuildPhase section */

/* Begin XCBuildConfiguration section */
		94B08E292AA1FB5200E88B70 /* Debug */ = {
			isa = XCBuildConfiguration;
			buildSettings = {
				ALWAYS_SEARCH_USER_PATHS = NO;
				ASSETCATALOG_COMPILER_GENERATE_SWIFT_ASSET_SYMBOL_EXTENSIONS = YES;
				CLANG_ANALYZER_NONNULL = YES;
				CLANG_ANALYZER_NUMBER_OBJECT_CONVERSION = YES_AGGRESSIVE;
				CLANG_CXX_LANGUAGE_STANDARD = "gnu++20";
				CLANG_ENABLE_MODULES = YES;
				CLANG_ENABLE_OBJC_ARC = YES;
				CLANG_ENABLE_OBJC_WEAK = YES;
				CLANG_WARN_BLOCK_CAPTURE_AUTORELEASING = YES;
				CLANG_WARN_BOOL_CONVERSION = YES;
				CLANG_WARN_COMMA = YES;
				CLANG_WARN_CONSTANT_CONVERSION = YES;
				CLANG_WARN_DEPRECATED_OBJC_IMPLEMENTATIONS = YES;
				CLANG_WARN_DIRECT_OBJC_ISA_USAGE = YES_ERROR;
				CLANG_WARN_DOCUMENTATION_COMMENTS = YES;
				CLANG_WARN_EMPTY_BODY = YES;
				CLANG_WARN_ENUM_CONVERSION = YES;
				CLANG_WARN_INFINITE_RECURSION = YES;
				CLANG_WARN_INT_CONVERSION = YES;
				CLANG_WARN_NON_LITERAL_NULL_CONVERSION = YES;
				CLANG_WARN_OBJC_IMPLICIT_RETAIN_SELF = YES;
				CLANG_WARN_OBJC_LITERAL_CONVERSION = YES;
				CLANG_WARN_OBJC_ROOT_CLASS = YES_ERROR;
				CLANG_WARN_QUOTED_INCLUDE_IN_FRAMEWORK_HEADER = YES;
				CLANG_WARN_RANGE_LOOP_ANALYSIS = YES;
				CLANG_WARN_STRICT_PROTOTYPES = YES;
				CLANG_WARN_SUSPICIOUS_MOVE = YES;
				CLANG_WARN_UNGUARDED_AVAILABILITY = YES_AGGRESSIVE;
				CLANG_WARN_UNREACHABLE_CODE = YES;
				CLANG_WARN__DUPLICATE_METHOD_MATCH = YES;
				COPY_PHASE_STRIP = NO;
				DEBUG_INFORMATION_FORMAT = dwarf;
				ENABLE_STRICT_OBJC_MSGSEND = YES;
				ENABLE_TESTABILITY = YES;
				ENABLE_USER_SCRIPT_SANDBOXING = YES;
				GCC_C_LANGUAGE_STANDARD = gnu17;
				GCC_DYNAMIC_NO_PIC = NO;
				GCC_NO_COMMON_BLOCKS = YES;
				GCC_OPTIMIZATION_LEVEL = 0;
				GCC_PREPROCESSOR_DEFINITIONS = (
					"DEBUG=1",
					"$(inherited)",
				);
				GCC_WARN_64_TO_32_BIT_CONVERSION = YES;
				GCC_WARN_ABOUT_RETURN_TYPE = YES_ERROR;
				GCC_WARN_UNDECLARED_SELECTOR = YES;
				GCC_WARN_UNINITIALIZED_AUTOS = YES_AGGRESSIVE;
				GCC_WARN_UNUSED_FUNCTION = YES;
				GCC_WARN_UNUSED_VARIABLE = YES;
				LOCALIZATION_PREFERS_STRING_CATALOGS = YES;
				MACOSX_DEPLOYMENT_TARGET = 13.5;
				MTL_ENABLE_DEBUG_INFO = INCLUDE_SOURCE;
				MTL_FAST_MATH = YES;
				ONLY_ACTIVE_ARCH = YES;
				SDKROOT = macosx;
				SWIFT_ACTIVE_COMPILATION_CONDITIONS = "DEBUG $(inherited)";
				SWIFT_OPTIMIZATION_LEVEL = "-Onone";
			};
			name = Debug;
		};
		94B08E2A2AA1FB5200E88B70 /* Release */ = {
			isa = XCBuildConfiguration;
			buildSettings = {
				ALWAYS_SEARCH_USER_PATHS = NO;
				ASSETCATALOG_COMPILER_GENERATE_SWIFT_ASSET_SYMBOL_EXTENSIONS = YES;
				CLANG_ANALYZER_NONNULL = YES;
				CLANG_ANALYZER_NUMBER_OBJECT_CONVERSION = YES_AGGRESSIVE;
				CLANG_CXX_LANGUAGE_STANDARD = "gnu++20";
				CLANG_ENABLE_MODULES = YES;
				CLANG_ENABLE_OBJC_ARC = YES;
				CLANG_ENABLE_OBJC_WEAK = YES;
				CLANG_WARN_BLOCK_CAPTURE_AUTORELEASING = YES;
				CLANG_WARN_BOOL_CONVERSION = YES;
				CLANG_WARN_COMMA = YES;
				CLANG_WARN_CONSTANT_CONVERSION = YES;
				CLANG_WARN_DEPRECATED_OBJC_IMPLEMENTATIONS = YES;
				CLANG_WARN_DIRECT_OBJC_ISA_USAGE = YES_ERROR;
				CLANG_WARN_DOCUMENTATION_COMMENTS = YES;
				CLANG_WARN_EMPTY_BODY = YES;
				CLANG_WARN_ENUM_CONVERSION = YES;
				CLANG_WARN_INFINITE_RECURSION = YES;
				CLANG_WARN_INT_CONVERSION = YES;
				CLANG_WARN_NON_LITERAL_NULL_CONVERSION = YES;
				CLANG_WARN_OBJC_IMPLICIT_RETAIN_SELF = YES;
				CLANG_WARN_OBJC_LITERAL_CONVERSION = YES;
				CLANG_WARN_OBJC_ROOT_CLASS = YES_ERROR;
				CLANG_WARN_QUOTED_INCLUDE_IN_FRAMEWORK_HEADER = YES;
				CLANG_WARN_RANGE_LOOP_ANALYSIS = YES;
				CLANG_WARN_STRICT_PROTOTYPES = YES;
				CLANG_WARN_SUSPICIOUS_MOVE = YES;
				CLANG_WARN_UNGUARDED_AVAILABILITY = YES_AGGRESSIVE;
				CLANG_WARN_UNREACHABLE_CODE = YES;
				CLANG_WARN__DUPLICATE_METHOD_MATCH = YES;
				COPY_PHASE_STRIP = NO;
				DEBUG_INFORMATION_FORMAT = "dwarf-with-dsym";
				ENABLE_NS_ASSERTIONS = NO;
				ENABLE_STRICT_OBJC_MSGSEND = YES;
				ENABLE_USER_SCRIPT_SANDBOXING = YES;
				GCC_C_LANGUAGE_STANDARD = gnu17;
				GCC_NO_COMMON_BLOCKS = YES;
				GCC_WARN_64_TO_32_BIT_CONVERSION = YES;
				GCC_WARN_ABOUT_RETURN_TYPE = YES_ERROR;
				GCC_WARN_UNDECLARED_SELECTOR = YES;
				GCC_WARN_UNINITIALIZED_AUTOS = YES_AGGRESSIVE;
				GCC_WARN_UNUSED_FUNCTION = YES;
				GCC_WARN_UNUSED_VARIABLE = YES;
				LOCALIZATION_PREFERS_STRING_CATALOGS = YES;
				MACOSX_DEPLOYMENT_TARGET = 13.5;
				MTL_ENABLE_DEBUG_INFO = NO;
				MTL_FAST_MATH = YES;
				SDKROOT = macosx;
				SWIFT_COMPILATION_MODE = wholemodule;
			};
			name = Release;
		};
		94B08E2C2AA1FB5200E88B70 /* Debug */ = {
			isa = XCBuildConfiguration;
			buildSettings = {
				ASSETCATALOG_COMPILER_APPICON_NAME = AppIcon;
				ASSETCATALOG_COMPILER_GLOBAL_ACCENT_COLOR_NAME = AccentColor;
				CODE_SIGN_ENTITLEMENTS = magipop_map/magipop_map.entitlements;
				CODE_SIGN_STYLE = Automatic;
				COMBINE_HIDPI_IMAGES = YES;
				CURRENT_PROJECT_VERSION = 1;
				DEVELOPMENT_ASSET_PATHS = "\"magipop_map/Preview Content\"";
				DEVELOPMENT_TEAM = DLYUQU3Z5W;
				ENABLE_HARDENED_RUNTIME = YES;
				ENABLE_PREVIEWS = YES;
				GENERATE_INFOPLIST_FILE = YES;
				INFOPLIST_KEY_NSHumanReadableCopyright = "";
				LD_RUNPATH_SEARCH_PATHS = (
					"$(inherited)",
					"@executable_path/../Frameworks",
				);
				MARKETING_VERSION = 1.0;
				PRODUCT_BUNDLE_IDENTIFIER = "magipop-sloan.magipop-map";
				PRODUCT_NAME = "$(TARGET_NAME)";
				SWIFT_EMIT_LOC_STRINGS = YES;
				SWIFT_VERSION = 5.0;
			};
			name = Debug;
		};
		94B08E2D2AA1FB5200E88B70 /* Release */ = {
			isa = XCBuildConfiguration;
			buildSettings = {
				ASSETCATALOG_COMPILER_APPICON_NAME = AppIcon;
				ASSETCATALOG_COMPILER_GLOBAL_ACCENT_COLOR_NAME = AccentColor;
				CODE_SIGN_ENTITLEMENTS = magipop_map/magipop_map.entitlements;
				CODE_SIGN_STYLE = Automatic;
				COMBINE_HIDPI_IMAGES = YES;
				CURRENT_PROJECT_VERSION = 1;
				DEVELOPMENT_ASSET_PATHS = "\"magipop_map/Preview Content\"";
				DEVELOPMENT_TEAM = DLYUQU3Z5W;
				ENABLE_HARDENED_RUNTIME = YES;
				ENABLE_PREVIEWS = YES;
				GENERATE_INFOPLIST_FILE = YES;
				INFOPLIST_KEY_NSHumanReadableCopyright = "";
				LD_RUNPATH_SEARCH_PATHS = (
					"$(inherited)",
					"@executable_path/../Frameworks",
				);
				MARKETING_VERSION = 1.0;
				PRODUCT_BUNDLE_IDENTIFIER = "magipop-sloan.magipop-map";
				PRODUCT_NAME = "$(TARGET_NAME)";
				SWIFT_EMIT_LOC_STRINGS = YES;
				SWIFT_VERSION = 5.0;
			};
			name = Release;
		};
/* End XCBuildConfiguration section */

/* Begin XCConfigurationList section */
		94B08E172AA1FB4F00E88B70 /* Build configuration list for PBXProject "magipop_map" */ = {
			isa = XCConfigurationList;
			buildConfigurations = (
				94B08E292AA1FB5200E88B70 /* Debug */,
				94B08E2A2AA1FB5200E88B70 /* Release */,
			);
			defaultConfigurationIsVisible = 0;
			defaultConfigurationName = Release;
		};
		94B08E2B2AA1FB5200E88B70 /* Build configuration list for PBXNativeTarget "magipop_map" */ = {
			isa = XCConfigurationList;
			buildConfigurations = (
				94B08E2C2AA1FB5200E88B70 /* Debug */,
				94B08E2D2AA1FB5200E88B70 /* Release */,
			);
			defaultConfigurationIsVisible = 0;
			defaultConfigurationName = Release;
		};
/* End XCConfigurationList section */
	};
	rootObject = 94B08E142AA1FB4F00E88B70 /* Project object */;
}
